
Microsoft Visual Studio Solution File, Format Version 12.00
# Visual Studio Version 16
VisualStudioVersion = 16.0.30114.105
MinimumVisualStudioVersion = 10.0.40219.1
Project("{2150E333-8FDC-42A3-9474-1A3956D46DE8}") = "src", "src", "{5DBCEA74-3222-47CC-BD9B-22B3630E06EC}"
EndProject
Project("{FAE04EC0-301F-11D3-BF4B-00C04F79EFBC}") = "IdentityServer", "src\IdentityServer\IdentityServer.csproj", "{AEFC77E6-A8EA-4CBC-9E9E-8EE0524F1019}"
EndProject
Project("{FAE04EC0-301F-11D3-BF4B-00C04F79EFBC}") = "Api", "src\Api\Api.csproj", "{1DF41CAD-30E4-4FCF-8116-B2DD5AD1F013}"
EndProject
Project("{FAE04EC0-301F-11D3-BF4B-00C04F79EFBC}") = "Client", "src\Client\Client.csproj", "{64530CA6-D405-407F-B207-247FE1C2626F}"
EndProject
Global
	GlobalSection(SolutionConfigurationPlatforms) = preSolution
		Debug|Any CPU = Debug|Any CPU
		Debug|x64 = Debug|x64
		Debug|x86 = Debug|x86
		Release|Any CPU = Release|Any CPU
		Release|x64 = Release|x64
		Release|x86 = Release|x86
	EndGlobalSection
	GlobalSection(SolutionProperties) = preSolution
		HideSolutionNode = FALSE
	EndGlobalSection
	GlobalSection(ProjectConfigurationPlatforms) = postSolution
		{AEFC77E6-A8EA-4CBC-9E9E-8EE0524F1019}.Debug|Any CPU.ActiveCfg = Debug|Any CPU
		{AEFC77E6-A8EA-4CBC-9E9E-8EE0524F1019}.Debug|Any CPU.Build.0 = Debug|Any CPU
		{AEFC77E6-A8EA-4CBC-9E9E-8EE0524F1019}.Debug|x64.ActiveCfg = Debug|Any CPU
		{AEFC77E6-A8EA-4CBC-9E9E-8EE0524F1019}.Debug|x64.Build.0 = Debug|Any CPU
		{AEFC77E6-A8EA-4CBC-9E9E-8EE0524F1019}.Debug|x86.ActiveCfg = Debug|Any CPU
		{AEFC77E6-A8EA-4CBC-9E9E-8EE0524F1019}.Debug|x86.Build.0 = Debug|Any CPU
		{AEFC77E6-A8EA-4CBC-9E9E-8EE0524F1019}.Release|Any CPU.ActiveCfg = Release|Any CPU
		{AEFC77E6-A8EA-4CBC-9E9E-8EE0524F1019}.Release|Any CPU.Build.0 = Release|Any CPU
		{AEFC77E6-A8EA-4CBC-9E9E-8EE0524F1019}.Release|x64.ActiveCfg = Release|Any CPU
		{AEFC77E6-A8EA-4CBC-9E9E-8EE0524F1019}.Release|x64.Build.0 = Release|Any CPU
		{AEFC77E6-A8EA-4CBC-9E9E-8EE0524F1019}.Release|x86.ActiveCfg = Release|Any CPU
		{AEFC77E6-A8EA-4CBC-9E9E-8EE0524F1019}.Release|x86.Build.0 = Release|Any CPU
		{1DF41CAD-30E4-4FCF-8116-B2DD5AD1F013}.Debug|Any CPU.ActiveCfg = Debug|Any CPU
		{1DF41CAD-30E4-4FCF-8116-B2DD5AD1F013}.Debug|Any CPU.Build.0 = Debug|Any CPU
		{1DF41CAD-30E4-4FCF-8116-B2DD5AD1F013}.Debug|x64.ActiveCfg = Debug|Any CPU
		{1DF41CAD-30E4-4FCF-8116-B2DD5AD1F013}.Debug|x64.Build.0 = Debug|Any CPU
		{1DF41CAD-30E4-4FCF-8116-B2DD5AD1F013}.Debug|x86.ActiveCfg = Debug|Any CPU
		{1DF41CAD-30E4-4FCF-8116-B2DD5AD1F013}.Debug|x86.Build.0 = Debug|Any CPU
		{1DF41CAD-30E4-4FCF-8116-B2DD5AD1F013}.Release|Any CPU.ActiveCfg = Release|Any CPU
		{1DF41CAD-30E4-4FCF-8116-B2DD5AD1F013}.Release|Any CPU.Build.0 = Release|Any CPU
		{1DF41CAD-30E4-4FCF-8116-B2DD5AD1F013}.Release|x64.ActiveCfg = Release|Any CPU
		{1DF41CAD-30E4-4FCF-8116-B2DD5AD1F013}.Release|x64.Build.0 = Release|Any CPU
		{1DF41CAD-30E4-4FCF-8116-B2DD5AD1F013}.Release|x86.ActiveCfg = Release|Any CPU
		{1DF41CAD-30E4-4FCF-8116-B2DD5AD1F013}.Release|x86.Build.0 = Release|Any CPU
		{64530CA6-D405-407F-B207-247FE1C2626F}.Debug|Any CPU.ActiveCfg = Debug|Any CPU
		{64530CA6-D405-407F-B207-247FE1C2626F}.Debug|Any CPU.Build.0 = Debug|Any CPU
		{64530CA6-D405-407F-B207-247FE1C2626F}.Debug|x64.ActiveCfg = Debug|Any CPU
		{64530CA6-D405-407F-B207-247FE1C2626F}.Debug|x64.Build.0 = Debug|Any CPU
		{64530CA6-D405-407F-B207-247FE1C2626F}.Debug|x86.ActiveCfg = Debug|Any CPU
		{64530CA6-D405-407F-B207-247FE1C2626F}.Debug|x86.Build.0 = Debug|Any CPU
		{64530CA6-D405-407F-B207-247FE1C2626F}.Release|Any CPU.ActiveCfg = Release|Any CPU
		{64530CA6-D405-407F-B207-247FE1C2626F}.Release|Any CPU.Build.0 = Release|Any CPU
		{64530CA6-D405-407F-B207-247FE1C2626F}.Release|x64.ActiveCfg = Release|Any CPU
		{64530CA6-D405-407F-B207-247FE1C2626F}.Release|x64.Build.0 = Release|Any CPU
		{64530CA6-D405-407F-B207-247FE1C2626F}.Release|x86.ActiveCfg = Release|Any CPU
		{64530CA6-D405-407F-B207-247FE1C2626F}.Release|x86.Build.0 = Release|Any CPU
	EndGlobalSection
	GlobalSection(NestedProjects) = preSolution
		{AEFC77E6-A8EA-4CBC-9E9E-8EE0524F1019} = {5DBCEA74-3222-47CC-BD9B-22B3630E06EC}
		{1DF41CAD-30E4-4FCF-8116-B2DD5AD1F013} = {5DBCEA74-3222-47CC-BD9B-22B3630E06EC}
		{64530CA6-D405-407F-B207-247FE1C2626F} = {5DBCEA74-3222-47CC-BD9B-22B3630E06EC}
	EndGlobalSection
EndGlobal
